
Microsoft Visual Studio Solution File, Format Version 12.00
# Visual Studio Version 17
VisualStudioVersion = 17.3.32819.101
MinimumVisualStudioVersion = 10.0.40219.1
Project("{FAE04EC0-301F-11D3-BF4B-00C04F79EFBC}") = "TicTacToe_BenO", "TicTacToe_BenO.csproj", "{F20F0324-5F78-4F83-81C0-58C234AC9307}"
EndProject
Global
	GlobalSection(SolutionConfigurationPlatforms) = preSolution
		Debug|Any CPU = Debug|Any CPU
		Release|Any CPU = Release|Any CPU
	EndGlobalSection
	GlobalSection(ProjectConfigurationPlatforms) = postSolution
		{F20F0324-5F78-4F83-81C0-58C234AC9307}.Debug|Any CPU.ActiveCfg = Debug|Any CPU
		{F20F0324-5F78-4F83-81C0-58C234AC9307}.Debug|Any CPU.Build.0 = Debug|Any CPU
		{F20F0324-5F78-4F83-81C0-58C234AC9307}.Release|Any CPU.ActiveCfg = Release|Any CPU
		{F20F0324-5F78-4F83-81C0-58C234AC9307}.Release|Any CPU.Build.0 = Release|Any CPU
	EndGlobalSection
	GlobalSection(SolutionProperties) = preSolution
		HideSolutionNode = FALSE
	EndGlobalSection
	GlobalSection(ExtensibilityGlobals) = postSolution
		SolutionGuid = {8DB93192-6AE5-4E6D-B502-2D396271679C}
	EndGlobalSection
EndGlobal
